// !$*UTF8*$!
{
	archiveVersion = 1;
	classes = {
	};
	objectVersion = 46;
	objects = {

/* Begin PBXBuildFile section */
		05824EE2198DD5E400460306 /* Foundation.framework in Frameworks */ = {isa = PBXBuildFile; fileRef = 05824EE1198DD5E400460306 /* Foundation.framework */; };
		05824EE4198DD5E400460306 /* CoreGraphics.framework in Frameworks */ = {isa = PBXBuildFile; fileRef = 05824EE3198DD5E400460306 /* CoreGraphics.framework */; };
		05824EE6198DD5E400460306 /* UIKit.framework in Frameworks */ = {isa = PBXBuildFile; fileRef = 05824EE5198DD5E400460306 /* UIKit.framework */; };
		05824EEC198DD5E400460306 /* InfoPlist.strings in Resources */ = {isa = PBXBuildFile; fileRef = 05824EEA198DD5E400460306 /* InfoPlist.strings */; };
		05824EEE198DD5E400460306 /* main.m in Sources */ = {isa = PBXBuildFile; fileRef = 05824EED198DD5E400460306 /* main.m */; };
		05824EF2198DD5E400460306 /* AppDelegate.m in Sources */ = {isa = PBXBuildFile; fileRef = 05824EF1198DD5E400460306 /* AppDelegate.m */; };
		05824EF5198DD5E400460306 /* Main.storyboard in Resources */ = {isa = PBXBuildFile; fileRef = 05824EF3198DD5E400460306 /* Main.storyboard */; };
		05824EF8198DD5E400460306 /* ViewController.m in Sources */ = {isa = PBXBuildFile; fileRef = 05824EF7198DD5E400460306 /* ViewController.m */; };
		05824EFA198DD5E400460306 /* Images.xcassets in Resources */ = {isa = PBXBuildFile; fileRef = 05824EF9198DD5E400460306 /* Images.xcassets */; };
		05824F01198DD5E400460306 /* XCTest.framework in Frameworks */ = {isa = PBXBuildFile; fileRef = 05824F00198DD5E400460306 /* XCTest.framework */; };
		05824F02198DD5E400460306 /* Foundation.framework in Frameworks */ = {isa = PBXBuildFile; fileRef = 05824EE1198DD5E400460306 /* Foundation.framework */; };
		05824F03198DD5E400460306 /* UIKit.framework in Frameworks */ = {isa = PBXBuildFile; fileRef = 05824EE5198DD5E400460306 /* UIKit.framework */; };
		05824F0B198DD5E400460306 /* InfoPlist.strings in Resources */ = {isa = PBXBuildFile; fileRef = 05824F09198DD5E400460306 /* InfoPlist.strings */; };
		05824F0D198DD5E400460306 /* ComposingTextMessagesTests.m in Sources */ = {isa = PBXBuildFile; fileRef = 05824F0C198DD5E400460306 /* ComposingTextMessagesTests.m */; };
		05B3E5271990D6060008925B /* DTPageRenderer.m in Sources */ = {isa = PBXBuildFile; fileRef = 05B3E5261990D6060008925B /* DTPageRenderer.m */; };
/* End PBXBuildFile section */

/* Begin PBXContainerItemProxy section */
		05824F04198DD5E400460306 /* PBXContainerItemProxy */ = {
			isa = PBXContainerItemProxy;
			containerPortal = 05824ED6198DD5E400460306 /* Project object */;
			proxyType = 1;
			remoteGlobalIDString = 05824EDD198DD5E400460306;
			remoteInfo = ComposingTextMessages;
		};
/* End PBXContainerItemProxy section */

/* Begin PBXFileReference section */
		05824EDE198DD5E400460306 /* ComposingTextMessages.app */ = {isa = PBXFileReference; explicitFileType = wrapper.application; includeInIndex = 0; path = ComposingTextMessages.app; sourceTree = BUILT_PRODUCTS_DIR; };
		05824EE1198DD5E400460306 /* Foundation.framework */ = {isa = PBXFileReference; lastKnownFileType = wrapper.framework; name = Foundation.framework; path = System/Library/Frameworks/Foundation.framework; sourceTree = SDKROOT; };
		05824EE3198DD5E400460306 /* CoreGraphics.framework */ = {isa = PBXFileReference; lastKnownFileType = wrapper.framework; name = CoreGraphics.framework; path = System/Library/Frameworks/CoreGraphics.framework; sourceTree = SDKROOT; };
		05824EE5198DD5E400460306 /* UIKit.framework */ = {isa = PBXFileReference; lastKnownFileType = wrapper.framework; name = UIKit.framework; path = System/Library/Frameworks/UIKit.framework; sourceTree = SDKROOT; };
		05824EE9198DD5E400460306 /* ComposingTextMessages-Info.plist */ = {isa = PBXFileReference; lastKnownFileType = text.plist.xml; path = "ComposingTextMessages-Info.plist"; sourceTree = "<group>"; };
		05824EEB198DD5E400460306 /* en */ = {isa = PBXFileReference; lastKnownFileType = text.plist.strings; name = en; path = en.lproj/InfoPlist.strings; sourceTree = "<group>"; };
		05824EED198DD5E400460306 /* main.m */ = {isa = PBXFileReference; lastKnownFileType = sourcecode.c.objc; path = main.m; sourceTree = "<group>"; };
		05824EEF198DD5E400460306 /* ComposingTextMessages-Prefix.pch */ = {isa = PBXFileReference; lastKnownFileType = sourcecode.c.h; path = "ComposingTextMessages-Prefix.pch"; sourceTree = "<group>"; };
		05824EF0198DD5E400460306 /* AppDelegate.h */ = {isa = PBXFileReference; lastKnownFileType = sourcecode.c.h; path = AppDelegate.h; sourceTree = "<group>"; };
		05824EF1198DD5E400460306 /* AppDelegate.m */ = {isa = PBXFileReference; lastKnownFileType = sourcecode.c.objc; path = AppDelegate.m; sourceTree = "<group>"; };
		05824EF4198DD5E400460306 /* Base */ = {isa = PBXFileReference; lastKnownFileType = file.storyboard; name = Base; path = Base.lproj/Main.storyboard; sourceTree = "<group>"; };
		05824EF6198DD5E400460306 /* ViewController.h */ = {isa = PBXFileReference; lastKnownFileType = sourcecode.c.h; path = ViewController.h; sourceTree = "<group>"; };
		05824EF7198DD5E400460306 /* ViewController.m */ = {isa = PBXFileReference; lastKnownFileType = sourcecode.c.objc; path = ViewController.m; sourceTree = "<group>"; };
		05824EF9198DD5E400460306 /* Images.xcassets */ = {isa = PBXFileReference; lastKnownFileType = folder.assetcatalog; path = Images.xcassets; sourceTree = "<group>"; };
		05824EFF198DD5E400460306 /* ComposingTextMessagesTests.xctest */ = {isa = PBXFileReference; explicitFileType = wrapper.cfbundle; includeInIndex = 0; path = ComposingTextMessagesTests.xctest; sourceTree = BUILT_PRODUCTS_DIR; };
		05824F00198DD5E400460306 /* XCTest.framework */ = {isa = PBXFileReference; lastKnownFileType = wrapper.framework; name = XCTest.framework; path = Library/Frameworks/XCTest.framework; sourceTree = DEVELOPER_DIR; };
		05824F08198DD5E400460306 /* ComposingTextMessagesTests-Info.plist */ = {isa = PBXFileReference; lastKnownFileType = text.plist.xml; path = "ComposingTextMessagesTests-Info.plist"; sourceTree = "<group>"; };
		05824F0A198DD5E400460306 /* en */ = {isa = PBXFileReference; lastKnownFileType = text.plist.strings; name = en; path = en.lproj/InfoPlist.strings; sourceTree = "<group>"; };
		05824F0C198DD5E400460306 /* ComposingTextMessagesTests.m */ = {isa = PBXFileReference; lastKnownFileType = sourcecode.c.objc; path = ComposingTextMessagesTests.m; sourceTree = "<group>"; };
		05B3E5251990D6060008925B /* DTPageRenderer.h */ = {isa = PBXFileReference; fileEncoding = 4; lastKnownFileType = sourcecode.c.h; path = DTPageRenderer.h; sourceTree = "<group>"; };
		05B3E5261990D6060008925B /* DTPageRenderer.m */ = {isa = PBXFileReference; fileEncoding = 4; lastKnownFileType = sourcecode.c.objc; path = DTPageRenderer.m; sourceTree = "<group>"; };
/* End PBXFileReference section */

/* Begin PBXFrameworksBuildPhase section */
		05824EDB198DD5E400460306 /* Frameworks */ = {
			isa = PBXFrameworksBuildPhase;
			buildActionMask = 2147483647;
			files = (
				05824EE4198DD5E400460306 /* CoreGraphics.framework in Frameworks */,
				05824EE6198DD5E400460306 /* UIKit.framework in Frameworks */,
				05824EE2198DD5E400460306 /* Foundation.framework in Frameworks */,
			);
			runOnlyForDeploymentPostprocessing = 0;
		};
		05824EFC198DD5E400460306 /* Frameworks */ = {
			isa = PBXFrameworksBuildPhase;
			buildActionMask = 2147483647;
			files = (
				05824F01198DD5E400460306 /* XCTest.framework in Frameworks */,
				05824F03198DD5E400460306 /* UIKit.framework in Frameworks */,
				05824F02198DD5E400460306 /* Foundation.framework in Frameworks */,
			);
			runOnlyForDeploymentPostprocessing = 0;
		};
/* End PBXFrameworksBuildPhase section */

/* Begin PBXGroup section */
		05824ED5198DD5E400460306 = {
			isa = PBXGroup;
			children = (
				05824EE7198DD5E400460306 /* ComposingTextMessages */,
				05824F06198DD5E400460306 /* ComposingTextMessagesTests */,
				05824EE0198DD5E400460306 /* Frameworks */,
				05824EDF198DD5E400460306 /* Products */,
			);
			sourceTree = "<group>";
		};
		05824EDF198DD5E400460306 /* Products */ = {
			isa = PBXGroup;
			children = (
				05824EDE198DD5E400460306 /* ComposingTextMessages.app */,
				05824EFF198DD5E400460306 /* ComposingTextMessagesTests.xctest */,
			);
			name = Products;
			sourceTree = "<group>";
		};
		05824EE0198DD5E400460306 /* Frameworks */ = {
			isa = PBXGroup;
			children = (
				05824EE1198DD5E400460306 /* Foundation.framework */,
				05824EE3198DD5E400460306 /* CoreGraphics.framework */,
				05824EE5198DD5E400460306 /* UIKit.framework */,
				05824F00198DD5E400460306 /* XCTest.framework */,
			);
			name = Frameworks;
			sourceTree = "<group>";
		};
		05824EE7198DD5E400460306 /* ComposingTextMessages */ = {
			isa = PBXGroup;
			children = (
				05824EF0198DD5E400460306 /* AppDelegate.h */,
				05824EF1198DD5E400460306 /* AppDelegate.m */,
				05824EF3198DD5E400460306 /* Main.storyboard */,
				05824EF6198DD5E400460306 /* ViewController.h */,
				05824EF7198DD5E400460306 /* ViewController.m */,
				05B3E5251990D6060008925B /* DTPageRenderer.h */,
				05B3E5261990D6060008925B /* DTPageRenderer.m */,
				05824EF9198DD5E400460306 /* Images.xcassets */,
				05824EE8198DD5E400460306 /* Supporting Files */,
			);
			path = ComposingTextMessages;
			sourceTree = "<group>";
		};
		05824EE8198DD5E400460306 /* Supporting Files */ = {
			isa = PBXGroup;
			children = (
				05824EE9198DD5E400460306 /* ComposingTextMessages-Info.plist */,
				05824EEA198DD5E400460306 /* InfoPlist.strings */,
				05824EED198DD5E400460306 /* main.m */,
				05824EEF198DD5E400460306 /* ComposingTextMessages-Prefix.pch */,
			);
			name = "Supporting Files";
			sourceTree = "<group>";
		};
		05824F06198DD5E400460306 /* ComposingTextMessagesTests */ = {
			isa = PBXGroup;
			children = (
				05824F0C198DD5E400460306 /* ComposingTextMessagesTests.m */,
				05824F07198DD5E400460306 /* Supporting Files */,
			);
			path = ComposingTextMessagesTests;
			sourceTree = "<group>";
		};
		05824F07198DD5E400460306 /* Supporting Files */ = {
			isa = PBXGroup;
			children = (
				05824F08198DD5E400460306 /* ComposingTextMessagesTests-Info.plist */,
				05824F09198DD5E400460306 /* InfoPlist.strings */,
			);
			name = "Supporting Files";
			sourceTree = "<group>";
		};
/* End PBXGroup section */

/* Begin PBXNativeTarget section */
		05824EDD198DD5E400460306 /* ComposingTextMessages */ = {
			isa = PBXNativeTarget;
			buildConfigurationList = 05824F10198DD5E400460306 /* Build configuration list for PBXNativeTarget "ComposingTextMessages" */;
			buildPhases = (
				05824EDA198DD5E400460306 /* Sources */,
				05824EDB198DD5E400460306 /* Frameworks */,
				05824EDC198DD5E400460306 /* Resources */,
			);
			buildRules = (
			);
			dependencies = (
			);
			name = ComposingTextMessages;
			productName = ComposingTextMessages;
			productReference = 05824EDE198DD5E400460306 /* ComposingTextMessages.app */;
			productType = "com.apple.product-type.application";
		};
		05824EFE198DD5E400460306 /* ComposingTextMessagesTests */ = {
			isa = PBXNativeTarget;
			buildConfigurationList = 05824F13198DD5E400460306 /* Build configuration list for PBXNativeTarget "ComposingTextMessagesTests" */;
			buildPhases = (
				05824EFB198DD5E400460306 /* Sources */,
				05824EFC198DD5E400460306 /* Frameworks */,
				05824EFD198DD5E400460306 /* Resources */,
			);
			buildRules = (
			);
			dependencies = (
				05824F05198DD5E400460306 /* PBXTargetDependency */,
			);
			name = ComposingTextMessagesTests;
			productName = ComposingTextMessagesTests;
			productReference = 05824EFF198DD5E400460306 /* ComposingTextMessagesTests.xctest */;
			productType = "com.apple.product-type.bundle.unit-test";
		};
/* End PBXNativeTarget section */

/* Begin PBXProject section */
		05824ED6198DD5E400460306 /* Project object */ = {
			isa = PBXProject;
			attributes = {
				LastUpgradeCheck = 0510;
				ORGANIZATIONNAME = BigRedINC;
				TargetAttributes = {
					05824EFE198DD5E400460306 = {
						TestTargetID = 05824EDD198DD5E400460306;
					};
				};
			};
			buildConfigurationList = 05824ED9198DD5E400460306 /* Build configuration list for PBXProject "ComposingTextMessages" */;
			compatibilityVersion = "Xcode 3.2";
			developmentRegion = English;
			hasScannedForEncodings = 0;
			knownRegions = (
				en,
				Base,
			);
			mainGroup = 05824ED5198DD5E400460306;
			productRefGroup = 05824EDF198DD5E400460306 /* Products */;
			projectDirPath = "";
			projectRoot = "";
			targets = (
				05824EDD198DD5E400460306 /* ComposingTextMessages */,
				05824EFE198DD5E400460306 /* ComposingTextMessagesTests */,
			);
		};
/* End PBXProject section */

/* Begin PBXResourcesBuildPhase section */
		05824EDC198DD5E400460306 /* Resources */ = {
			isa = PBXResourcesBuildPhase;
			buildActionMask = 2147483647;
			files = (
				05824EFA198DD5E400460306 /* Images.xcassets in Resources */,
				05824EEC198DD5E400460306 /* InfoPlist.strings in Resources */,
				05824EF5198DD5E400460306 /* Main.storyboard in Resources */,
			);
			runOnlyForDeploymentPostprocessing = 0;
		};
		05824EFD198DD5E400460306 /* Resources */ = {
			isa = PBXResourcesBuildPhase;
			buildActionMask = 2147483647;
			files = (
				05824F0B198DD5E400460306 /* InfoPlist.strings in Resources */,
			);
			runOnlyForDeploymentPostprocessing = 0;
		};
/* End PBXResourcesBuildPhase section */

/* Begin PBXSourcesBuildPhase section */
		05824EDA198DD5E400460306 /* Sources */ = {
			isa = PBXSourcesBuildPhase;
			buildActionMask = 2147483647;
			files = (
				05824EF8198DD5E400460306 /* ViewController.m in Sources */,
				05824EF2198DD5E400460306 /* AppDelegate.m in Sources */,
				05824EEE198DD5E400460306 /* main.m in Sources */,
				05B3E5271990D6060008925B /* DTPageRenderer.m in Sources */,
			);
			runOnlyForDeploymentPostprocessing = 0;
		};
		05824EFB198DD5E400460306 /* Sources */ = {
			isa = PBXSourcesBuildPhase;
			buildActionMask = 2147483647;
			files = (
				05824F0D198DD5E400460306 /* ComposingTextMessagesTests.m in Sources */,
			);
			runOnlyForDeploymentPostprocessing = 0;
		};
/* End PBXSourcesBuildPhase section */

/* Begin PBXTargetDependency section */
		05824F05198DD5E400460306 /* PBXTargetDependency */ = {
			isa = PBXTargetDependency;
			target = 05824EDD198DD5E400460306 /* ComposingTextMessages */;
			targetProxy = 05824F04198DD5E400460306 /* PBXContainerItemProxy */;
		};
/* End PBXTargetDependency section */

/* Begin PBXVariantGroup section */
		05824EEA198DD5E400460306 /* InfoPlist.strings */ = {
			isa = PBXVariantGroup;
			children = (
				05824EEB198DD5E400460306 /* en */,
			);
			name = InfoPlist.strings;
			sourceTree = "<group>";
		};
		05824EF3198DD5E400460306 /* Main.storyboard */ = {
			isa = PBXVariantGroup;
			children = (
				05824EF4198DD5E400460306 /* Base */,
			);
			name = Main.storyboard;
			sourceTree = "<group>";
		};
		05824F09198DD5E400460306 /* InfoPlist.strings */ = {
			isa = PBXVariantGroup;
			children = (
				05824F0A198DD5E400460306 /* en */,
			);
			name = InfoPlist.strings;
			sourceTree = "<group>";
		};
/* End PBXVariantGroup section */

/* Begin XCBuildConfiguration section */
		05824F0E198DD5E400460306 /* Debug */ = {
			isa = XCBuildConfiguration;
			buildSettings = {
				ALWAYS_SEARCH_USER_PATHS = NO;
				CLANG_CXX_LANGUAGE_STANDARD = "gnu++0x";
				CLANG_CXX_LIBRARY = "libc++";
				CLANG_ENABLE_MODULES = YES;
				CLANG_ENABLE_OBJC_ARC = YES;
				CLANG_WARN_BOOL_CONVERSION = YES;
				CLANG_WARN_CONSTANT_CONVERSION = YES;
				CLANG_WARN_DIRECT_OBJC_ISA_USAGE = YES_ERROR;
				CLANG_WARN_EMPTY_BODY = YES;
				CLANG_WARN_ENUM_CONVERSION = YES;
				CLANG_WARN_INT_CONVERSION = YES;
				CLANG_WARN_OBJC_ROOT_CLASS = YES_ERROR;
				CLANG_WARN__DUPLICATE_METHOD_MATCH = YES;
				"CODE_SIGN_IDENTITY[sdk=iphoneos*]" = "iPhone Developer";
				COPY_PHASE_STRIP = NO;
				GCC_C_LANGUAGE_STANDARD = gnu99;
				GCC_DYNAMIC_NO_PIC = NO;
				GCC_OPTIMIZATION_LEVEL = 0;
				GCC_PREPROCESSOR_DEFINITIONS = (
					"DEBUG=1",
					"$(inherited)",
				);
				GCC_SYMBOLS_PRIVATE_EXTERN = NO;
				GCC_WARN_64_TO_32_BIT_CONVERSION = YES;
				GCC_WARN_ABOUT_RETURN_TYPE = YES_ERROR;
				GCC_WARN_UNDECLARED_SELECTOR = YES;
				GCC_WARN_UNINITIALIZED_AUTOS = YES_AGGRESSIVE;
				GCC_WARN_UNUSED_FUNCTION = YES;
				GCC_WARN_UNUSED_VARIABLE = YES;
				IPHONEOS_DEPLOYMENT_TARGET = 7.1;
				ONLY_ACTIVE_ARCH = YES;
				SDKROOT = iphoneos;
			};
			name = Debug;
		};
		05824F0F198DD5E400460306 /* Release */ = {
			isa = XCBuildConfiguration;
			buildSettings = {
				ALWAYS_SEARCH_USER_PATHS = NO;
				CLANG_CXX_LANGUAGE_STANDARD = "gnu++0x";
				CLANG_CXX_LIBRARY = "libc++";
				CLANG_ENABLE_MODULES = YES;
				CLANG_ENABLE_OBJC_ARC = YES;
				CLANG_WARN_BOOL_CONVERSION = YES;
				CLANG_WARN_CONSTANT_CONVERSION = YES;
				CLANG_WARN_DIRECT_OBJC_ISA_USAGE = YES_ERROR;
				CLANG_WARN_EMPTY_BODY = YES;
				CLANG_WARN_ENUM_CONVERSION = YES;
				CLANG_WARN_INT_CONVERSION = YES;
				CLANG_WARN_OBJC_ROOT_CLASS = YES_ERROR;
				CLANG_WARN__DUPLICATE_METHOD_MATCH = YES;
				"CODE_SIGN_IDENTITY[sdk=iphoneos*]" = "iPhone Developer";
				COPY_PHASE_STRIP = YES;
				ENABLE_NS_ASSERTIONS = NO;
				GCC_C_LANGUAGE_STANDARD = gnu99;
				GCC_WARN_64_TO_32_BIT_CONVERSION = YES;
				GCC_WARN_ABOUT_RETURN_TYPE = YES_ERROR;
				GCC_WARN_UNDECLARED_SELECTOR = YES;
				GCC_WARN_UNINITIALIZED_AUTOS = YES_AGGRESSIVE;
				GCC_WARN_UNUSED_FUNCTION = YES;
				GCC_WARN_UNUSED_VARIABLE = YES;
				IPHONEOS_DEPLOYMENT_TARGET = 7.1;
				SDKROOT = iphoneos;
				VALIDATE_PRODUCT = YES;
			};
			name = Release;
		};
		05824F11198DD5E400460306 /* Debug */ = {
			isa = XCBuildConfiguration;
			buildSettings = {
				ASSETCATALOG_COMPILER_APPICON_NAME = AppIcon;
				ASSETCATALOG_COMPILER_LAUNCHIMAGE_NAME = LaunchImage;
				GCC_PRECOMPILE_PREFIX_HEADER = YES;
				GCC_PREFIX_HEADER = "ComposingTextMessages/ComposingTextMessages-Prefix.pch";
				INFOPLIST_FILE = "ComposingTextMessages/ComposingTextMessages-Info.plist";
				PRODUCT_NAME = "$(TARGET_NAME)";
				WRAPPER_EXTENSION = app;
			};
			name = Debug;
		};
		05824F12198DD5E400460306 /* Release */ = {
			isa = XCBuildConfiguration;
			buildSettings = {
				ASSETCATALOG_COMPILER_APPICON_NAME = AppIcon;
				ASSETCATALOG_COMPILER_LAUNCHIMAGE_NAME = LaunchImage;
				GCC_PRECOMPILE_PREFIX_HEADER = YES;
				GCC_PREFIX_HEADER = "ComposingTextMessages/ComposingTextMessages-Prefix.pch";
				INFOPLIST_FILE = "ComposingTextMessages/ComposingTextMessages-Info.plist";
				PRODUCT_NAME = "$(TARGET_NAME)";
				WRAPPER_EXTENSION = app;
			};
			name = Release;
		};
		05824F14198DD5E400460306 /* Debug */ = {
			isa = XCBuildConfiguration;
			buildSettings = {
				BUNDLE_LOADER = "$(BUILT_PRODUCTS_DIR)/ComposingTextMessages.app/ComposingTextMessages";
				FRAMEWORK_SEARCH_PATHS = (
					"$(SDKROOT)/Developer/Library/Frameworks",
					"$(inherited)",
					"$(DEVELOPER_FRAMEWORKS_DIR)",
				);
				GCC_PRECOMPILE_PREFIX_HEADER = YES;
				GCC_PREFIX_HEADER = "ComposingTextMessages/ComposingTextMessages-Prefix.pch";
				GCC_PREPROCESSOR_DEFINITIONS = (
					"DEBUG=1",
					"$(inherited)",
				);
				INFOPLIST_FILE = "ComposingTextMessagesTests/ComposingTextMessagesTests-Info.plist";
				PRODUCT_NAME = "$(TARGET_NAME)";
				TEST_HOST = "$(BUNDLE_LOADER)";
				WRAPPER_EXTENSION = xctest;
			};
			name = Debug;
		};
		05824F15198DD5E400460306 /* Release */ = {
			isa = XCBuildConfiguration;
			buildSettings = {
				BUNDLE_LOADER = "$(BUILT_PRODUCTS_DIR)/ComposingTextMessages.app/ComposingTextMessages";
				FRAMEWORK_SEARCH_PATHS = (
					"$(SDKROOT)/Developer/Library/Frameworks",
					"$(inherited)",
					"$(DEVELOPER_FRAMEWORKS_DIR)",
				);
				GCC_PRECOMPILE_PREFIX_HEADER = YES;
				GCC_PREFIX_HEADER = "ComposingTextMessages/ComposingTextMessages-Prefix.pch";
				INFOPLIST_FILE = "ComposingTextMessagesTests/ComposingTextMessagesTests-Info.plist";
				PRODUCT_NAME = "$(TARGET_NAME)";
				TEST_HOST = "$(BUNDLE_LOADER)";
				WRAPPER_EXTENSION = xctest;
			};
			name = Release;
		};
/* End XCBuildConfiguration section */

/* Begin XCConfigurationList section */
		05824ED9198DD5E400460306 /* Build configuration list for PBXProject "ComposingTextMessages" */ = {
			isa = XCConfigurationList;
			buildConfigurations = (
				05824F0E198DD5E400460306 /* Debug */,
				05824F0F198DD5E400460306 /* Release */,
			);
			defaultConfigurationIsVisible = 0;
			defaultConfigurationName = Release;
		};
		05824F10198DD5E400460306 /* Build configuration list for PBXNativeTarget "ComposingTextMessages" */ = {
			isa = XCConfigurationList;
			buildConfigurations = (
				05824F11198DD5E400460306 /* Debug */,
				05824F12198DD5E400460306 /* Release */,
			);
			defaultConfigurationIsVisible = 0;
			defaultConfigurationName = Release;
		};
		05824F13198DD5E400460306 /* Build configuration list for PBXNativeTarget "ComposingTextMessagesTests" */ = {
			isa = XCConfigurationList;
			buildConfigurations = (
				05824F14198DD5E400460306 /* Debug */,
				05824F15198DD5E400460306 /* Release */,
			);
			defaultConfigurationIsVisible = 0;
			defaultConfigurationName = Release;
		};
/* End XCConfigurationList section */
	};
	rootObject = 05824ED6198DD5E400460306 /* Project object */;
}
